<?xml version="1.0" encoding="utf-8"?>
<Project ToolsVersion="4.0" xmlns="http://schemas.microsoft.com/developer/msbuild/2003">
  <ItemGroup>
    <Filter Include="Sources">
      <UniqueIdentifier>{4FC737F1-C7A5-4376-A066-2A32D752A2FF}</UniqueIdentifier>
      <Extensions>cpp;c;cc;cxx;def;odl;idl;hpj;bat;asm;asmx</Extensions>
    </Filter>
    <Filter Include="Suppport">
      <UniqueIdentifier>{67DA6AB6-F800-4c08-8B7A-83BB121AAD01}</UniqueIdentifier>
      <Extensions>rc;ico;cur;bmp;dlg;rc2;rct;bin;rgs;gif;jpg;jpeg;jpe;resx;tiff;tif;png;wav;mfcribbon-ms</Extensions>
    </Filter>
    <Filter Include="Headers">
      <UniqueIdentifier>{93995380-89BD-4b04-88EB-625FBE52EBFB}</UniqueIdentifier>
      <Extensions>h;hh;hpp;hxx;hm;inl;inc;xsd</Extensions>
    </Filter>
    <Filter Include="Sources\SenVulkanTutorial">
      <UniqueIdentifier>{8eea8ccf-3055-4aae-b4c7-6ae187924d3d}</UniqueIdentifier>
    </Filter>
    <Filter Include="Headers\SenVulkanTutorial">
      <UniqueIdentifier>{d460b366-a348-48c0-bac2-415642b93c69}</UniqueIdentifier>
    </Filter>
    <Filter Include="Shaders">
      <UniqueIdentifier>{0b5b73e5-eb68-49a1-9dd1-78dfcea96c13}</UniqueIdentifier>
    </Filter>
    <Filter Include="Shaders\SenVulkanTutorial">
      <UniqueIdentifier>{903a9620-eefb-492a-a65c-88489481adcb}</UniqueIdentifier>
    </Filter>
    <Filter Include="Headers\VulkanAPI">
      <UniqueIdentifier>{bc0edf09-beb7-45c5-b7a6-f190d8325547}</UniqueIdentifier>
    </Filter>
    <Filter Include="Sources\VulkanAPI">
      <UniqueIdentifier>{3b8cc579-8d58-45c2-aafc-9b0d690b102e}</UniqueIdentifier>
    </Filter>
  </ItemGroup>
  <ItemGroup>
    <ClCompile Include="Support\SenAbstractGLFW.cpp">
      <Filter>Suppport</Filter>
    </ClCompile>
    <ClCompile Include="main.cpp" />
    <ClCompile Include="VulkanAPI\SenRenderer.cpp">
      <Filter>Sources\VulkanAPI</Filter>
    </ClCompile>
    <ClCompile Include="VulkanAPI\Shared.cpp">
      <Filter>Sources\VulkanAPI</Filter>
    </ClCompile>
    <ClCompile Include="VulkanAPI\SenVulkanAPI_Widget.cpp">
      <Filter>Sources\VulkanAPI</Filter>
    </ClCompile>
    <ClCompile Include="VulkanAPI\SenWindow.cpp">
      <Filter>Sources\VulkanAPI</Filter>
    </ClCompile>
    <ClCompile Include="VulkanAPI\SenWindow_win32.cpp">
      <Filter>Sources\VulkanAPI</Filter>
    </ClCompile>
    <ClCompile Include="VulkanAPI\SenWindow_xcb.cpp">
      <Filter>Sources\VulkanAPI</Filter>
    </ClCompile>
    <ClCompile Include="SenVulkanTutorial\Sen_09_MVP_UniformBuffer.cpp">
      <Filter>Sources\SenVulkanTutorial</Filter>
    </ClCompile>
    <ClCompile Include="SenVulkanTutorial\Sen_06_Triangle.cpp">
      <Filter>Sources\SenVulkanTutorial</Filter>
    </ClCompile>
    <ClCompile Include="SenVulkanTutorial\Sen_07_Texture.cpp">
      <Filter>Sources\SenVulkanTutorial</Filter>
    </ClCompile>
    <ClCompile Include="SenVulkanTutorial\Sen_22_DepthTest.cpp">
      <Filter>Sources\SenVulkanTutorial</Filter>
    </ClCompile>
    <ClCompile Include="SenVulkanTutorial\Sen_221_Cube.cpp">
      <Filter>Sources\SenVulkanTutorial</Filter>
    </ClCompile>
    <ClCompile Include="SenVulkanTutorial\Sen_072_TextureArray.cpp">
      <Filter>Sources\SenVulkanTutorial</Filter>
    </ClCompile>
    <ClCompile Include="SenVulkanTutorial\Sen_222_TinyObjLoader.cpp">
      <Filter>Sources\SenVulkanTutorial</Filter>
    </ClCompile>
  </ItemGroup>
  <ItemGroup>
    <ClInclude Include="Support\SenAbstractGLFW.h">
      <Filter>Suppport</Filter>
    </ClInclude>
    <ClInclude Include="VulkanAPI\SenRenderer.h">
      <Filter>Headers\VulkanAPI</Filter>
    </ClInclude>
    <ClInclude Include="VulkanAPI\Shared.h">
      <Filter>Headers\VulkanAPI</Filter>
    </ClInclude>
    <ClInclude Include="VulkanAPI\SenVulkanAPI_Widget.h">
      <Filter>Headers\VulkanAPI</Filter>
    </ClInclude>
    <ClInclude Include="VulkanAPI\SenWindow.h">
      <Filter>Headers\VulkanAPI</Filter>
    </ClInclude>
    <ClInclude Include="SenVulkanTutorial\Sen_09_MVP_UniformBuffer.h">
      <Filter>Headers\SenVulkanTutorial</Filter>
    </ClInclude>
    <ClInclude Include="SenVulkanTutorial\Sen_06_Triangle.h">
      <Filter>Headers\SenVulkanTutorial</Filter>
    </ClInclude>
    <ClInclude Include="SenVulkanTutorial\Sen_07_Texture.h">
      <Filter>Headers\SenVulkanTutorial</Filter>
    </ClInclude>
    <ClInclude Include="SenVulkanTutorial\Sen_22_DepthTest.h">
      <Filter>Headers\SenVulkanTutorial</Filter>
    </ClInclude>
    <ClInclude Include="SenVulkanTutorial\Sen_221_Cube.h">
      <Filter>Headers\SenVulkanTutorial</Filter>
    </ClInclude>
    <ClInclude Include="SenVulkanTutorial\Sen_072_TextureArray.h">
      <Filter>Headers\SenVulkanTutorial</Filter>
    </ClInclude>
    <ClInclude Include="SenVulkanTutorial\Sen_222_TinyObjLoader.h">
      <Filter>Headers\SenVulkanTutorial</Filter>
    </ClInclude>
    <ClInclude Include="Support\SenMeshLinkModel.h">
      <Filter>Suppport</Filter>
    </ClInclude>
    <ClInclude Include="Support\SenOpenGLMeshStruct.h">
      <Filter>Suppport</Filter>
    </ClInclude>
    <ClInclude Include="Support\SenVulkanMeshStruct.h">
      <Filter>Suppport</Filter>
    </ClInclude>
  </ItemGroup>
  <ItemGroup>
    <None Include="SenVulkanTutorial\Shaders\Triangle.frag">
      <Filter>Shaders\SenVulkanTutorial</Filter>
    </None>
    <None Include="SenVulkanTutorial\Shaders\Triangle.vert">
      <Filter>Shaders\SenVulkanTutorial</Filter>
    </None>
    <None Include="..\README.md" />
    <None Include="SenVulkanTutorial\Shaders\Texture.vert">
      <Filter>Shaders\SenVulkanTutorial</Filter>
    </None>
    <None Include="SenVulkanTutorial\Shaders\Texture.frag">
      <Filter>Shaders\SenVulkanTutorial</Filter>
    </None>
    <None Include="SenVulkanTutorial\Shaders\triangleFrag.spv">
      <Filter>Shaders\SenVulkanTutorial</Filter>
    </None>
    <None Include="SenVulkanTutorial\Shaders\triangleVert.spv">
      <Filter>Shaders\SenVulkanTutorial</Filter>
    </None>
    <None Include="SenVulkanTutorial\Shaders\depthTest.vert">
      <Filter>Shaders\SenVulkanTutorial</Filter>
    </None>
    <None Include="SenVulkanTutorial\Shaders\depthTest.frag">
      <Filter>Shaders\SenVulkanTutorial</Filter>
    </None>
    <None Include="SenVulkanTutorial\Shaders\SenCube.frag">
      <Filter>Shaders\SenVulkanTutorial</Filter>
    </None>
    <None Include="SenVulkanTutorial\Shaders\SenCube.vert">
      <Filter>Shaders\SenVulkanTutorial</Filter>
    </None>
    <None Include="SenVulkanTutorial\Shaders\textureArray.frag">
      <Filter>Shaders\SenVulkanTutorial</Filter>
    </None>
    <None Include="SenVulkanTutorial\Shaders\textureArray.vert">
      <Filter>Shaders\SenVulkanTutorial</Filter>
    </None>
    <None Include="SenVulkanTutorial\Shaders\loadModelObj.frag">
      <Filter>Shaders\SenVulkanTutorial</Filter>
    </None>
    <None Include="SenVulkanTutorial\Shaders\loadModelObj.vert">
      <Filter>Shaders\SenVulkanTutorial</Filter>
    </None>
  </ItemGroup>
  <ItemGroup>
    <Text Include="Support\CMakeLists.txt">
      <Filter>Suppport</Filter>
    </Text>
  </ItemGroup>
</Project>